// !$*UTF8*$!
{
	archiveVersion = 1;
	classes = {
	};
	objectVersion = 55;
	objects = {

/* Begin PBXBuildFile section */
		3555686528E27A35009403F2 /* AppDelegate.swift in Sources */ = {isa = PBXBuildFile; fileRef = 3555686428E27A35009403F2 /* AppDelegate.swift */; };
		3555686928E27A35009403F2 /* LoginViewController.swift in Sources */ = {isa = PBXBuildFile; fileRef = 3555686828E27A35009403F2 /* LoginViewController.swift */; };
		3555686E28E27A36009403F2 /* Assets.xcassets in Resources */ = {isa = PBXBuildFile; fileRef = 3555686D28E27A36009403F2 /* Assets.xcassets */; };
		3555687128E27A36009403F2 /* LaunchScreen.storyboard in Resources */ = {isa = PBXBuildFile; fileRef = 3555686F28E27A36009403F2 /* LaunchScreen.storyboard */; };
		3555687B28E2889C009403F2 /* LoginView.swift in Sources */ = {isa = PBXBuildFile; fileRef = 3555687A28E2889C009403F2 /* LoginView.swift */; };
		35754AE129AF31DD004D3F21 /* CurrencyFormatterTests.swift in Sources */ = {isa = PBXBuildFile; fileRef = 35754AE029AF31DD004D3F21 /* CurrencyFormatterTests.swift */; };
		35754AE329B0629F004D3F21 /* NSNotificationName.swift in Sources */ = {isa = PBXBuildFile; fileRef = 35754AE229B0629F004D3F21 /* NSNotificationName.swift */; };
		35754AE529B0684E004D3F21 /* UITextField+SecureToggle.swift in Sources */ = {isa = PBXBuildFile; fileRef = 35754AE429B0684E004D3F21 /* UITextField+SecureToggle.swift */; };
		35754AE829B85452004D3F21 /* ShakeyBellVIew.swift in Sources */ = {isa = PBXBuildFile; fileRef = 35754AE729B85452004D3F21 /* ShakeyBellVIew.swift */; };
		35754AEA29B87D9E004D3F21 /* Date+Utils.swift in Sources */ = {isa = PBXBuildFile; fileRef = 35754AE929B87D9E004D3F21 /* Date+Utils.swift */; };
		35754AEC29BB129C004D3F21 /* AccountSummaryViewController+Networking.swift in Sources */ = {isa = PBXBuildFile; fileRef = 35754AEB29BB129C004D3F21 /* AccountSummaryViewController+Networking.swift */; };
		35F24B0329978C400038766F /* DecimalUtils.swift in Sources */ = {isa = PBXBuildFile; fileRef = 35F24B0229978C400038766F /* DecimalUtils.swift */; };
		35F24B0529978C800038766F /* CurrencyFormatter.swift in Sources */ = {isa = PBXBuildFile; fileRef = 35F24B0429978C800038766F /* CurrencyFormatter.swift */; };
		35F68E3A28EB911200CBED6B /* OnboardingContainerViewController.swift in Sources */ = {isa = PBXBuildFile; fileRef = 35F68E3928EB911200CBED6B /* OnboardingContainerViewController.swift */; };
		35F68E3C28EBA41900CBED6B /* OnboardingViewController.swift in Sources */ = {isa = PBXBuildFile; fileRef = 35F68E3B28EBA41900CBED6B /* OnboardingViewController.swift */; };
		35F68E3E28EE56F900CBED6B /* DummyViewController.swift in Sources */ = {isa = PBXBuildFile; fileRef = 35F68E3D28EE56F900CBED6B /* DummyViewController.swift */; };
		35F68E4128EE5B7000CBED6B /* LocalState.swift in Sources */ = {isa = PBXBuildFile; fileRef = 35F68E4028EE5B7000CBED6B /* LocalState.swift */; };
		35F68E4328EE63A600CBED6B /* UIViewController+Utils.swift in Sources */ = {isa = PBXBuildFile; fileRef = 35F68E4228EE63A600CBED6B /* UIViewController+Utils.swift */; };
		35F68E4528EE64C900CBED6B /* MainViewController.swift in Sources */ = {isa = PBXBuildFile; fileRef = 35F68E4428EE64C900CBED6B /* MainViewController.swift */; };
		35F68E4828EE6F9700CBED6B /* AccountSummaryViewController.swift in Sources */ = {isa = PBXBuildFile; fileRef = 35F68E4728EE6F9700CBED6B /* AccountSummaryViewController.swift */; };
		35F68E4A28F38A0600CBED6B /* AccountSummaryHeaderView.swift in Sources */ = {isa = PBXBuildFile; fileRef = 35F68E4928F38A0600CBED6B /* AccountSummaryHeaderView.swift */; };
		35F68E4C28F38A4500CBED6B /* AccountSummaryHeaderView.xib in Resources */ = {isa = PBXBuildFile; fileRef = 35F68E4B28F38A4500CBED6B /* AccountSummaryHeaderView.xib */; };
		35F68E5028F3AFE100CBED6B /* AccountSummaryCell.swift in Sources */ = {isa = PBXBuildFile; fileRef = 35F68E4F28F3AFE100CBED6B /* AccountSummaryCell.swift */; };
/* End PBXBuildFile section */

/* Begin PBXContainerItemProxy section */
		35754ADB29AF2E88004D3F21 /* PBXContainerItemProxy */ = {
			isa = PBXContainerItemProxy;
			containerPortal = 3555685928E27A35009403F2 /* Project object */;
			proxyType = 1;
			remoteGlobalIDString = 3555686028E27A35009403F2;
			remoteInfo = Bankey;
		};
/* End PBXContainerItemProxy section */

/* Begin PBXFileReference section */
		3555686128E27A35009403F2 /* Bankey.app */ = {isa = PBXFileReference; explicitFileType = wrapper.application; includeInIndex = 0; path = Bankey.app; sourceTree = BUILT_PRODUCTS_DIR; };
		3555686428E27A35009403F2 /* AppDelegate.swift */ = {isa = PBXFileReference; lastKnownFileType = sourcecode.swift; path = AppDelegate.swift; sourceTree = "<group>"; };
		3555686828E27A35009403F2 /* LoginViewController.swift */ = {isa = PBXFileReference; lastKnownFileType = sourcecode.swift; path = LoginViewController.swift; sourceTree = "<group>"; };
		3555686D28E27A36009403F2 /* Assets.xcassets */ = {isa = PBXFileReference; lastKnownFileType = folder.assetcatalog; path = Assets.xcassets; sourceTree = "<group>"; };
		3555687028E27A36009403F2 /* Base */ = {isa = PBXFileReference; lastKnownFileType = file.storyboard; name = Base; path = Base.lproj/LaunchScreen.storyboard; sourceTree = "<group>"; };
		3555687228E27A36009403F2 /* Info.plist */ = {isa = PBXFileReference; lastKnownFileType = text.plist.xml; path = Info.plist; sourceTree = "<group>"; };
		3555687A28E2889C009403F2 /* LoginView.swift */ = {isa = PBXFileReference; lastKnownFileType = sourcecode.swift; path = LoginView.swift; sourceTree = "<group>"; };
		35754AD729AF2E88004D3F21 /* BankeyUnitTests.xctest */ = {isa = PBXFileReference; explicitFileType = wrapper.cfbundle; includeInIndex = 0; path = BankeyUnitTests.xctest; sourceTree = BUILT_PRODUCTS_DIR; };
		35754AE029AF31DD004D3F21 /* CurrencyFormatterTests.swift */ = {isa = PBXFileReference; lastKnownFileType = sourcecode.swift; path = CurrencyFormatterTests.swift; sourceTree = "<group>"; };
		35754AE229B0629F004D3F21 /* NSNotificationName.swift */ = {isa = PBXFileReference; lastKnownFileType = sourcecode.swift; path = NSNotificationName.swift; sourceTree = "<group>"; };
		35754AE429B0684E004D3F21 /* UITextField+SecureToggle.swift */ = {isa = PBXFileReference; lastKnownFileType = sourcecode.swift; path = "UITextField+SecureToggle.swift"; sourceTree = "<group>"; };
		35754AE729B85452004D3F21 /* ShakeyBellVIew.swift */ = {isa = PBXFileReference; lastKnownFileType = sourcecode.swift; path = ShakeyBellVIew.swift; sourceTree = "<group>"; };
		35754AE929B87D9E004D3F21 /* Date+Utils.swift */ = {isa = PBXFileReference; lastKnownFileType = sourcecode.swift; path = "Date+Utils.swift"; sourceTree = "<group>"; };
		35754AEB29BB129C004D3F21 /* AccountSummaryViewController+Networking.swift */ = {isa = PBXFileReference; lastKnownFileType = sourcecode.swift; path = "AccountSummaryViewController+Networking.swift"; sourceTree = "<group>"; };
		35F24B0229978C400038766F /* DecimalUtils.swift */ = {isa = PBXFileReference; lastKnownFileType = sourcecode.swift; path = DecimalUtils.swift; sourceTree = "<group>"; };
		35F24B0429978C800038766F /* CurrencyFormatter.swift */ = {isa = PBXFileReference; lastKnownFileType = sourcecode.swift; path = CurrencyFormatter.swift; sourceTree = "<group>"; };
		35F68E3928EB911200CBED6B /* OnboardingContainerViewController.swift */ = {isa = PBXFileReference; lastKnownFileType = sourcecode.swift; path = OnboardingContainerViewController.swift; sourceTree = "<group>"; };
		35F68E3B28EBA41900CBED6B /* OnboardingViewController.swift */ = {isa = PBXFileReference; lastKnownFileType = sourcecode.swift; path = OnboardingViewController.swift; sourceTree = "<group>"; };
		35F68E3D28EE56F900CBED6B /* DummyViewController.swift */ = {isa = PBXFileReference; lastKnownFileType = sourcecode.swift; path = DummyViewController.swift; sourceTree = "<group>"; };
		35F68E4028EE5B7000CBED6B /* LocalState.swift */ = {isa = PBXFileReference; lastKnownFileType = sourcecode.swift; path = LocalState.swift; sourceTree = "<group>"; };
		35F68E4228EE63A600CBED6B /* UIViewController+Utils.swift */ = {isa = PBXFileReference; lastKnownFileType = sourcecode.swift; path = "UIViewController+Utils.swift"; sourceTree = "<group>"; };
		35F68E4428EE64C900CBED6B /* MainViewController.swift */ = {isa = PBXFileReference; lastKnownFileType = sourcecode.swift; path = MainViewController.swift; sourceTree = "<group>"; };
		35F68E4728EE6F9700CBED6B /* AccountSummaryViewController.swift */ = {isa = PBXFileReference; lastKnownFileType = sourcecode.swift; path = AccountSummaryViewController.swift; sourceTree = "<group>"; };
		35F68E4928F38A0600CBED6B /* AccountSummaryHeaderView.swift */ = {isa = PBXFileReference; lastKnownFileType = sourcecode.swift; path = AccountSummaryHeaderView.swift; sourceTree = "<group>"; };
		35F68E4B28F38A4500CBED6B /* AccountSummaryHeaderView.xib */ = {isa = PBXFileReference; lastKnownFileType = file.xib; path = AccountSummaryHeaderView.xib; sourceTree = "<group>"; };
		35F68E4F28F3AFE100CBED6B /* AccountSummaryCell.swift */ = {isa = PBXFileReference; lastKnownFileType = sourcecode.swift; path = AccountSummaryCell.swift; sourceTree = "<group>"; };
/* End PBXFileReference section */

/* Begin PBXFrameworksBuildPhase section */
		3555685E28E27A35009403F2 /* Frameworks */ = {
			isa = PBXFrameworksBuildPhase;
			buildActionMask = 2147483647;
			files = (
			);
			runOnlyForDeploymentPostprocessing = 0;
		};
		35754AD429AF2E88004D3F21 /* Frameworks */ = {
			isa = PBXFrameworksBuildPhase;
			buildActionMask = 2147483647;
			files = (
			);
			runOnlyForDeploymentPostprocessing = 0;
		};
/* End PBXFrameworksBuildPhase section */

/* Begin PBXGroup section */
		3555685828E27A35009403F2 = {
			isa = PBXGroup;
			children = (
				3555686328E27A35009403F2 /* Bankey */,
				35754AD829AF2E88004D3F21 /* BankeyUnitTests */,
				3555686228E27A35009403F2 /* Products */,
			);
			sourceTree = "<group>";
		};
		3555686228E27A35009403F2 /* Products */ = {
			isa = PBXGroup;
			children = (
				3555686128E27A35009403F2 /* Bankey.app */,
				35754AD729AF2E88004D3F21 /* BankeyUnitTests.xctest */,
			);
			name = Products;
			sourceTree = "<group>";
		};
		3555686328E27A35009403F2 /* Bankey */ = {
			isa = PBXGroup;
			children = (
				35F68E3F28EE5B6200CBED6B /* Utils */,
				3555686428E27A35009403F2 /* AppDelegate.swift */,
				35F68E4428EE64C900CBED6B /* MainViewController.swift */,
				3555687928E28861009403F2 /* Login */,
				35F68E3828EB90E400CBED6B /* Onboarding */,
				35F68E4628EE6E7100CBED6B /* AccountSummary */,
				35754AE629B853BC004D3F21 /* Components */,
				3555687828E2883B009403F2 /* Files */,
			);
			path = Bankey;
			sourceTree = "<group>";
		};
		3555687828E2883B009403F2 /* Files */ = {
			isa = PBXGroup;
			children = (
				3555686D28E27A36009403F2 /* Assets.xcassets */,
				3555686F28E27A36009403F2 /* LaunchScreen.storyboard */,
				3555687228E27A36009403F2 /* Info.plist */,
			);
			name = Files;
			sourceTree = "<group>";
		};
		3555687928E28861009403F2 /* Login */ = {
			isa = PBXGroup;
			children = (
				3555686828E27A35009403F2 /* LoginViewController.swift */,
				3555687A28E2889C009403F2 /* LoginView.swift */,
				35F68E3D28EE56F900CBED6B /* DummyViewController.swift */,
			);
			path = Login;
			sourceTree = "<group>";
		};
		35754AD829AF2E88004D3F21 /* BankeyUnitTests */ = {
			isa = PBXGroup;
			children = (
				35754AE029AF31DD004D3F21 /* CurrencyFormatterTests.swift */,
			);
			path = BankeyUnitTests;
			sourceTree = "<group>";
		};
		35754AE629B853BC004D3F21 /* Components */ = {
			isa = PBXGroup;
			children = (
				35754AE729B85452004D3F21 /* ShakeyBellVIew.swift */,
			);
			path = Components;
			sourceTree = "<group>";
		};
		35F68E3828EB90E400CBED6B /* Onboarding */ = {
			isa = PBXGroup;
			children = (
				35F68E3928EB911200CBED6B /* OnboardingContainerViewController.swift */,
				35F68E3B28EBA41900CBED6B /* OnboardingViewController.swift */,
			);
			path = Onboarding;
			sourceTree = "<group>";
		};
		35F68E3F28EE5B6200CBED6B /* Utils */ = {
			isa = PBXGroup;
			children = (
				35F68E4028EE5B7000CBED6B /* LocalState.swift */,
				35F68E4228EE63A600CBED6B /* UIViewController+Utils.swift */,
				35F24B0229978C400038766F /* DecimalUtils.swift */,
				35F24B0429978C800038766F /* CurrencyFormatter.swift */,
				35754AE229B0629F004D3F21 /* NSNotificationName.swift */,
				35754AE429B0684E004D3F21 /* UITextField+SecureToggle.swift */,
				35754AE929B87D9E004D3F21 /* Date+Utils.swift */,
			);
			path = Utils;
			sourceTree = "<group>";
		};
		35F68E4628EE6E7100CBED6B /* AccountSummary */ = {
			isa = PBXGroup;
			children = (
				35F68E4E28F3AFC000CBED6B /* Cell */,
				35F68E4D28F3AFAC00CBED6B /* Header */,
				35F68E4728EE6F9700CBED6B /* AccountSummaryViewController.swift */,
				35754AEB29BB129C004D3F21 /* AccountSummaryViewController+Networking.swift */,
			);
			path = AccountSummary;
			sourceTree = "<group>";
		};
		35F68E4D28F3AFAC00CBED6B /* Header */ = {
			isa = PBXGroup;
			children = (
				35F68E4928F38A0600CBED6B /* AccountSummaryHeaderView.swift */,
				35F68E4B28F38A4500CBED6B /* AccountSummaryHeaderView.xib */,
			);
			path = Header;
			sourceTree = "<group>";
		};
		35F68E4E28F3AFC000CBED6B /* Cell */ = {
			isa = PBXGroup;
			children = (
				35F68E4F28F3AFE100CBED6B /* AccountSummaryCell.swift */,
			);
			path = Cell;
			sourceTree = "<group>";
		};
/* End PBXGroup section */

/* Begin PBXNativeTarget section */
		3555686028E27A35009403F2 /* Bankey */ = {
			isa = PBXNativeTarget;
			buildConfigurationList = 3555687528E27A36009403F2 /* Build configuration list for PBXNativeTarget "Bankey" */;
			buildPhases = (
				3555685D28E27A35009403F2 /* Sources */,
				3555685E28E27A35009403F2 /* Frameworks */,
				3555685F28E27A35009403F2 /* Resources */,
			);
			buildRules = (
			);
			dependencies = (
			);
			name = Bankey;
			productName = Bankey;
			productReference = 3555686128E27A35009403F2 /* Bankey.app */;
			productType = "com.apple.product-type.application";
		};
		35754AD629AF2E88004D3F21 /* BankeyUnitTests */ = {
			isa = PBXNativeTarget;
			buildConfigurationList = 35754ADF29AF2E88004D3F21 /* Build configuration list for PBXNativeTarget "BankeyUnitTests" */;
			buildPhases = (
				35754AD329AF2E88004D3F21 /* Sources */,
				35754AD429AF2E88004D3F21 /* Frameworks */,
				35754AD529AF2E88004D3F21 /* Resources */,
			);
			buildRules = (
			);
			dependencies = (
				35754ADC29AF2E88004D3F21 /* PBXTargetDependency */,
			);
			name = BankeyUnitTests;
			productName = BankeyUnitTests;
			productReference = 35754AD729AF2E88004D3F21 /* BankeyUnitTests.xctest */;
			productType = "com.apple.product-type.bundle.unit-test";
		};
/* End PBXNativeTarget section */

/* Begin PBXProject section */
		3555685928E27A35009403F2 /* Project object */ = {
			isa = PBXProject;
			attributes = {
				BuildIndependentTargetsInParallel = 1;
				LastSwiftUpdateCheck = 1340;
				LastUpgradeCheck = 1340;
				TargetAttributes = {
					3555686028E27A35009403F2 = {
						CreatedOnToolsVersion = 13.4.1;
					};
					35754AD629AF2E88004D3F21 = {
						CreatedOnToolsVersion = 13.4.1;
						LastSwiftMigration = 1340;
						TestTargetID = 3555686028E27A35009403F2;
					};
				};
			};
			buildConfigurationList = 3555685C28E27A35009403F2 /* Build configuration list for PBXProject "Bankey" */;
			compatibilityVersion = "Xcode 13.0";
			developmentRegion = en;
			hasScannedForEncodings = 0;
			knownRegions = (
				en,
				Base,
			);
			mainGroup = 3555685828E27A35009403F2;
			productRefGroup = 3555686228E27A35009403F2 /* Products */;
			projectDirPath = "";
			projectRoot = "";
			targets = (
				3555686028E27A35009403F2 /* Bankey */,
				35754AD629AF2E88004D3F21 /* BankeyUnitTests */,
			);
		};
/* End PBXProject section */

/* Begin PBXResourcesBuildPhase section */
		3555685F28E27A35009403F2 /* Resources */ = {
			isa = PBXResourcesBuildPhase;
			buildActionMask = 2147483647;
			files = (
				35F68E4C28F38A4500CBED6B /* AccountSummaryHeaderView.xib in Resources */,
				3555687128E27A36009403F2 /* LaunchScreen.storyboard in Resources */,
				3555686E28E27A36009403F2 /* Assets.xcassets in Resources */,
			);
			runOnlyForDeploymentPostprocessing = 0;
		};
		35754AD529AF2E88004D3F21 /* Resources */ = {
			isa = PBXResourcesBuildPhase;
			buildActionMask = 2147483647;
			files = (
			);
			runOnlyForDeploymentPostprocessing = 0;
		};
/* End PBXResourcesBuildPhase section */

/* Begin PBXSourcesBuildPhase section */
		3555685D28E27A35009403F2 /* Sources */ = {
			isa = PBXSourcesBuildPhase;
			buildActionMask = 2147483647;
			files = (
				35F68E4328EE63A600CBED6B /* UIViewController+Utils.swift in Sources */,
				35754AEA29B87D9E004D3F21 /* Date+Utils.swift in Sources */,
				3555687B28E2889C009403F2 /* LoginView.swift in Sources */,
				35F68E4128EE5B7000CBED6B /* LocalState.swift in Sources */,
				35F68E4A28F38A0600CBED6B /* AccountSummaryHeaderView.swift in Sources */,
				35754AE529B0684E004D3F21 /* UITextField+SecureToggle.swift in Sources */,
				35F68E3E28EE56F900CBED6B /* DummyViewController.swift in Sources */,
				35F24B0529978C800038766F /* CurrencyFormatter.swift in Sources */,
				35F24B0329978C400038766F /* DecimalUtils.swift in Sources */,
				35754AE329B0629F004D3F21 /* NSNotificationName.swift in Sources */,
				3555686928E27A35009403F2 /* LoginViewController.swift in Sources */,
				35F68E5028F3AFE100CBED6B /* AccountSummaryCell.swift in Sources */,
				35F68E3C28EBA41900CBED6B /* OnboardingViewController.swift in Sources */,
				35F68E4528EE64C900CBED6B /* MainViewController.swift in Sources */,
				35754AE829B85452004D3F21 /* ShakeyBellVIew.swift in Sources */,
				35F68E4828EE6F9700CBED6B /* AccountSummaryViewController.swift in Sources */,
				3555686528E27A35009403F2 /* AppDelegate.swift in Sources */,
				35F68E3A28EB911200CBED6B /* OnboardingContainerViewController.swift in Sources */,
				35754AEC29BB129C004D3F21 /* AccountSummaryViewController+Networking.swift in Sources */,
			);
			runOnlyForDeploymentPostprocessing = 0;
		};
		35754AD329AF2E88004D3F21 /* Sources */ = {
			isa = PBXSourcesBuildPhase;
			buildActionMask = 2147483647;
			files = (
				35754AE129AF31DD004D3F21 /* CurrencyFormatterTests.swift in Sources */,
			);
			runOnlyForDeploymentPostprocessing = 0;
		};
/* End PBXSourcesBuildPhase section */

/* Begin PBXTargetDependency section */
		35754ADC29AF2E88004D3F21 /* PBXTargetDependency */ = {
			isa = PBXTargetDependency;
			target = 3555686028E27A35009403F2 /* Bankey */;
			targetProxy = 35754ADB29AF2E88004D3F21 /* PBXContainerItemProxy */;
		};
/* End PBXTargetDependency section */

/* Begin PBXVariantGroup section */
		3555686F28E27A36009403F2 /* LaunchScreen.storyboard */ = {
			isa = PBXVariantGroup;
			children = (
				3555687028E27A36009403F2 /* Base */,
			);
			name = LaunchScreen.storyboard;
			sourceTree = "<group>";
		};
/* End PBXVariantGroup section */

/* Begin XCBuildConfiguration section */
		3555687328E27A36009403F2 /* Debug */ = {
			isa = XCBuildConfiguration;
			buildSettings = {
				ALWAYS_SEARCH_USER_PATHS = NO;
				CLANG_ANALYZER_NONNULL = YES;
				CLANG_ANALYZER_NUMBER_OBJECT_CONVERSION = YES_AGGRESSIVE;
				CLANG_CXX_LANGUAGE_STANDARD = "gnu++17";
				CLANG_ENABLE_MODULES = YES;
				CLANG_ENABLE_OBJC_ARC = YES;
				CLANG_ENABLE_OBJC_WEAK = YES;
				CLANG_WARN_BLOCK_CAPTURE_AUTORELEASING = YES;
				CLANG_WARN_BOOL_CONVERSION = YES;
				CLANG_WARN_COMMA = YES;
				CLANG_WARN_CONSTANT_CONVERSION = YES;
				CLANG_WARN_DEPRECATED_OBJC_IMPLEMENTATIONS = YES;
				CLANG_WARN_DIRECT_OBJC_ISA_USAGE = YES_ERROR;
				CLANG_WARN_DOCUMENTATION_COMMENTS = YES;
				CLANG_WARN_EMPTY_BODY = YES;
				CLANG_WARN_ENUM_CONVERSION = YES;
				CLANG_WARN_INFINITE_RECURSION = YES;
				CLANG_WARN_INT_CONVERSION = YES;
				CLANG_WARN_NON_LITERAL_NULL_CONVERSION = YES;
				CLANG_WARN_OBJC_IMPLICIT_RETAIN_SELF = YES;
				CLANG_WARN_OBJC_LITERAL_CONVERSION = YES;
				CLANG_WARN_OBJC_ROOT_CLASS = YES_ERROR;
				CLANG_WARN_QUOTED_INCLUDE_IN_FRAMEWORK_HEADER = YES;
				CLANG_WARN_RANGE_LOOP_ANALYSIS = YES;
				CLANG_WARN_STRICT_PROTOTYPES = YES;
				CLANG_WARN_SUSPICIOUS_MOVE = YES;
				CLANG_WARN_UNGUARDED_AVAILABILITY = YES_AGGRESSIVE;
				CLANG_WARN_UNREACHABLE_CODE = YES;
				CLANG_WARN__DUPLICATE_METHOD_MATCH = YES;
				COPY_PHASE_STRIP = NO;
				DEBUG_INFORMATION_FORMAT = dwarf;
				ENABLE_STRICT_OBJC_MSGSEND = YES;
				ENABLE_TESTABILITY = YES;
				GCC_C_LANGUAGE_STANDARD = gnu11;
				GCC_DYNAMIC_NO_PIC = NO;
				GCC_NO_COMMON_BLOCKS = YES;
				GCC_OPTIMIZATION_LEVEL = 0;
				GCC_PREPROCESSOR_DEFINITIONS = (
					"DEBUG=1",
					"$(inherited)",
				);
				GCC_WARN_64_TO_32_BIT_CONVERSION = YES;
				GCC_WARN_ABOUT_RETURN_TYPE = YES_ERROR;
				GCC_WARN_UNDECLARED_SELECTOR = YES;
				GCC_WARN_UNINITIALIZED_AUTOS = YES_AGGRESSIVE;
				GCC_WARN_UNUSED_FUNCTION = YES;
				GCC_WARN_UNUSED_VARIABLE = YES;
				IPHONEOS_DEPLOYMENT_TARGET = 15.5;
				MTL_ENABLE_DEBUG_INFO = INCLUDE_SOURCE;
				MTL_FAST_MATH = YES;
				ONLY_ACTIVE_ARCH = YES;
				SDKROOT = iphoneos;
				SWIFT_ACTIVE_COMPILATION_CONDITIONS = DEBUG;
				SWIFT_OPTIMIZATION_LEVEL = "-Onone";
			};
			name = Debug;
		};
		3555687428E27A36009403F2 /* Release */ = {
			isa = XCBuildConfiguration;
			buildSettings = {
				ALWAYS_SEARCH_USER_PATHS = NO;
				CLANG_ANALYZER_NONNULL = YES;
				CLANG_ANALYZER_NUMBER_OBJECT_CONVERSION = YES_AGGRESSIVE;
				CLANG_CXX_LANGUAGE_STANDARD = "gnu++17";
				CLANG_ENABLE_MODULES = YES;
				CLANG_ENABLE_OBJC_ARC = YES;
				CLANG_ENABLE_OBJC_WEAK = YES;
				CLANG_WARN_BLOCK_CAPTURE_AUTORELEASING = YES;
				CLANG_WARN_BOOL_CONVERSION = YES;
				CLANG_WARN_COMMA = YES;
				CLANG_WARN_CONSTANT_CONVERSION = YES;
				CLANG_WARN_DEPRECATED_OBJC_IMPLEMENTATIONS = YES;
				CLANG_WARN_DIRECT_OBJC_ISA_USAGE = YES_ERROR;
				CLANG_WARN_DOCUMENTATION_COMMENTS = YES;
				CLANG_WARN_EMPTY_BODY = YES;
				CLANG_WARN_ENUM_CONVERSION = YES;
				CLANG_WARN_INFINITE_RECURSION = YES;
				CLANG_WARN_INT_CONVERSION = YES;
				CLANG_WARN_NON_LITERAL_NULL_CONVERSION = YES;
				CLANG_WARN_OBJC_IMPLICIT_RETAIN_SELF = YES;
				CLANG_WARN_OBJC_LITERAL_CONVERSION = YES;
				CLANG_WARN_OBJC_ROOT_CLASS = YES_ERROR;
				CLANG_WARN_QUOTED_INCLUDE_IN_FRAMEWORK_HEADER = YES;
				CLANG_WARN_RANGE_LOOP_ANALYSIS = YES;
				CLANG_WARN_STRICT_PROTOTYPES = YES;
				CLANG_WARN_SUSPICIOUS_MOVE = YES;
				CLANG_WARN_UNGUARDED_AVAILABILITY = YES_AGGRESSIVE;
				CLANG_WARN_UNREACHABLE_CODE = YES;
				CLANG_WARN__DUPLICATE_METHOD_MATCH = YES;
				COPY_PHASE_STRIP = NO;
				DEBUG_INFORMATION_FORMAT = "dwarf-with-dsym";
				ENABLE_NS_ASSERTIONS = NO;
				ENABLE_STRICT_OBJC_MSGSEND = YES;
				GCC_C_LANGUAGE_STANDARD = gnu11;
				GCC_NO_COMMON_BLOCKS = YES;
				GCC_WARN_64_TO_32_BIT_CONVERSION = YES;
				GCC_WARN_ABOUT_RETURN_TYPE = YES_ERROR;
				GCC_WARN_UNDECLARED_SELECTOR = YES;
				GCC_WARN_UNINITIALIZED_AUTOS = YES_AGGRESSIVE;
				GCC_WARN_UNUSED_FUNCTION = YES;
				GCC_WARN_UNUSED_VARIABLE = YES;
				IPHONEOS_DEPLOYMENT_TARGET = 15.5;
				MTL_ENABLE_DEBUG_INFO = NO;
				MTL_FAST_MATH = YES;
				SDKROOT = iphoneos;
				SWIFT_COMPILATION_MODE = wholemodule;
				SWIFT_OPTIMIZATION_LEVEL = "-O";
				VALIDATE_PRODUCT = YES;
			};
			name = Release;
		};
		3555687628E27A36009403F2 /* Debug */ = {
			isa = XCBuildConfiguration;
			buildSettings = {
				ASSETCATALOG_COMPILER_APPICON_NAME = AppIcon;
				ASSETCATALOG_COMPILER_GLOBAL_ACCENT_COLOR_NAME = AccentColor;
				CODE_SIGN_STYLE = Automatic;
				CURRENT_PROJECT_VERSION = 1;
				GENERATE_INFOPLIST_FILE = YES;
				INFOPLIST_FILE = Bankey/Info.plist;
				INFOPLIST_KEY_UIApplicationSupportsIndirectInputEvents = YES;
				INFOPLIST_KEY_UILaunchStoryboardName = LaunchScreen;
				INFOPLIST_KEY_UISupportedInterfaceOrientations_iPad = "UIInterfaceOrientationPortrait UIInterfaceOrientationPortraitUpsideDown UIInterfaceOrientationLandscapeLeft UIInterfaceOrientationLandscapeRight";
				INFOPLIST_KEY_UISupportedInterfaceOrientations_iPhone = "UIInterfaceOrientationPortrait UIInterfaceOrientationLandscapeLeft UIInterfaceOrientationLandscapeRight";
				LD_RUNPATH_SEARCH_PATHS = (
					"$(inherited)",
					"@executable_path/Frameworks",
				);
				MARKETING_VERSION = 1.0;
				PRODUCT_BUNDLE_IDENTIFIER = com.alex.Bankey;
				PRODUCT_NAME = "$(TARGET_NAME)";
				SWIFT_EMIT_LOC_STRINGS = YES;
				SWIFT_VERSION = 5.0;
				TARGETED_DEVICE_FAMILY = "1,2";
			};
			name = Debug;
		};
		3555687728E27A36009403F2 /* Release */ = {
			isa = XCBuildConfiguration;
			buildSettings = {
				ASSETCATALOG_COMPILER_APPICON_NAME = AppIcon;
				ASSETCATALOG_COMPILER_GLOBAL_ACCENT_COLOR_NAME = AccentColor;
				CODE_SIGN_STYLE = Automatic;
				CURRENT_PROJECT_VERSION = 1;
				GENERATE_INFOPLIST_FILE = YES;
				INFOPLIST_FILE = Bankey/Info.plist;
				INFOPLIST_KEY_UIApplicationSupportsIndirectInputEvents = YES;
				INFOPLIST_KEY_UILaunchStoryboardName = LaunchScreen;
				INFOPLIST_KEY_UISupportedInterfaceOrientations_iPad = "UIInterfaceOrientationPortrait UIInterfaceOrientationPortraitUpsideDown UIInterfaceOrientationLandscapeLeft UIInterfaceOrientationLandscapeRight";
				INFOPLIST_KEY_UISupportedInterfaceOrientations_iPhone = "UIInterfaceOrientationPortrait UIInterfaceOrientationLandscapeLeft UIInterfaceOrientationLandscapeRight";
				LD_RUNPATH_SEARCH_PATHS = (
					"$(inherited)",
					"@executable_path/Frameworks",
				);
				MARKETING_VERSION = 1.0;
				PRODUCT_BUNDLE_IDENTIFIER = com.alex.Bankey;
				PRODUCT_NAME = "$(TARGET_NAME)";
				SWIFT_EMIT_LOC_STRINGS = YES;
				SWIFT_VERSION = 5.0;
				TARGETED_DEVICE_FAMILY = "1,2";
			};
			name = Release;
		};
		35754ADD29AF2E88004D3F21 /* Debug */ = {
			isa = XCBuildConfiguration;
			buildSettings = {
				BUNDLE_LOADER = "$(TEST_HOST)";
				CLANG_ENABLE_MODULES = YES;
				CODE_SIGN_STYLE = Automatic;
				CURRENT_PROJECT_VERSION = 1;
				DEVELOPMENT_TEAM = 5Z9T3A72PT;
				GENERATE_INFOPLIST_FILE = YES;
				LD_RUNPATH_SEARCH_PATHS = (
					"$(inherited)",
					"@executable_path/Frameworks",
					"@loader_path/Frameworks",
				);
				MARKETING_VERSION = 1.0;
				PRODUCT_BUNDLE_IDENTIFIER = com.alex.BankeyUnitTests;
				PRODUCT_NAME = "$(TARGET_NAME)";
				SWIFT_EMIT_LOC_STRINGS = NO;
				SWIFT_OPTIMIZATION_LEVEL = "-Onone";
				SWIFT_VERSION = 5.0;
				TARGETED_DEVICE_FAMILY = "1,2";
				TEST_HOST = "$(BUILT_PRODUCTS_DIR)/Bankey.app/Bankey";
			};
			name = Debug;
		};
		35754ADE29AF2E88004D3F21 /* Release */ = {
			isa = XCBuildConfiguration;
			buildSettings = {
				BUNDLE_LOADER = "$(TEST_HOST)";
				CLANG_ENABLE_MODULES = YES;
				CODE_SIGN_STYLE = Automatic;
				CURRENT_PROJECT_VERSION = 1;
				DEVELOPMENT_TEAM = 5Z9T3A72PT;
				GENERATE_INFOPLIST_FILE = YES;
				LD_RUNPATH_SEARCH_PATHS = (
					"$(inherited)",
					"@executable_path/Frameworks",
					"@loader_path/Frameworks",
				);
				MARKETING_VERSION = 1.0;
				PRODUCT_BUNDLE_IDENTIFIER = com.alex.BankeyUnitTests;
				PRODUCT_NAME = "$(TARGET_NAME)";
				SWIFT_EMIT_LOC_STRINGS = NO;
				SWIFT_VERSION = 5.0;
				TARGETED_DEVICE_FAMILY = "1,2";
				TEST_HOST = "$(BUILT_PRODUCTS_DIR)/Bankey.app/Bankey";
			};
			name = Release;
		};
/* End XCBuildConfiguration section */

/* Begin XCConfigurationList section */
		3555685C28E27A35009403F2 /* Build configuration list for PBXProject "Bankey" */ = {
			isa = XCConfigurationList;
			buildConfigurations = (
				3555687328E27A36009403F2 /* Debug */,
				3555687428E27A36009403F2 /* Release */,
			);
			defaultConfigurationIsVisible = 0;
			defaultConfigurationName = Release;
		};
		3555687528E27A36009403F2 /* Build configuration list for PBXNativeTarget "Bankey" */ = {
			isa = XCConfigurationList;
			buildConfigurations = (
				3555687628E27A36009403F2 /* Debug */,
				3555687728E27A36009403F2 /* Release */,
			);
			defaultConfigurationIsVisible = 0;
			defaultConfigurationName = Release;
		};
		35754ADF29AF2E88004D3F21 /* Build configuration list for PBXNativeTarget "BankeyUnitTests" */ = {
			isa = XCConfigurationList;
			buildConfigurations = (
				35754ADD29AF2E88004D3F21 /* Debug */,
				35754ADE29AF2E88004D3F21 /* Release */,
			);
			defaultConfigurationIsVisible = 0;
			defaultConfigurationName = Release;
		};
/* End XCConfigurationList section */
	};
	rootObject = 3555685928E27A35009403F2 /* Project object */;
}
